
Microsoft Visual Studio Solution File, Format Version 12.00
# Visual Studio 15
Project("{FAE04EC0-301F-11D3-BF4B-00C04F79EFBC}") = "Scripts", "Scripts.csproj", "{0FF21AE0-6C76-FD7C-FFF6-0876FE2F9DC3}"
EndProject
Project("{FAE04EC0-301F-11D3-BF4B-00C04F79EFBC}") = "PlayMode", "PlayMode.csproj", "{6F78D25F-E306-1AE5-6E02-688F29BF916C}"
EndProject
Project("{FAE04EC0-301F-11D3-BF4B-00C04F79EFBC}") = "EditMode", "EditMode.csproj", "{02761E7B-2392-3A6D-3576-CE095CC48E6F}"
EndProject
Global
	GlobalSection(SolutionConfigurationPlatforms) = preSolution
		Debug|Any CPU = Debug|Any CPU
		Release|Any CPU = Release|Any CPU
	EndGlobalSection
	GlobalSection(ProjectConfigurationPlatforms) = postSolution
		{0FF21AE0-6C76-FD7C-FFF6-0876FE2F9DC3}.Debug|Any CPU.ActiveCfg = Debug|Any CPU
		{0FF21AE0-6C76-FD7C-FFF6-0876FE2F9DC3}.Debug|Any CPU.Build.0 = Debug|Any CPU
		{0FF21AE0-6C76-FD7C-FFF6-0876FE2F9DC3}.Release|Any CPU.ActiveCfg = Release|Any CPU
		{0FF21AE0-6C76-FD7C-FFF6-0876FE2F9DC3}.Release|Any CPU.Build.0 = Release|Any CPU
		{6F78D25F-E306-1AE5-6E02-688F29BF916C}.Debug|Any CPU.ActiveCfg = Debug|Any CPU
		{6F78D25F-E306-1AE5-6E02-688F29BF916C}.Debug|Any CPU.Build.0 = Debug|Any CPU
		{6F78D25F-E306-1AE5-6E02-688F29BF916C}.Release|Any CPU.ActiveCfg = Release|Any CPU
		{6F78D25F-E306-1AE5-6E02-688F29BF916C}.Release|Any CPU.Build.0 = Release|Any CPU
		{02761E7B-2392-3A6D-3576-CE095CC48E6F}.Debug|Any CPU.ActiveCfg = Debug|Any CPU
		{02761E7B-2392-3A6D-3576-CE095CC48E6F}.Debug|Any CPU.Build.0 = Debug|Any CPU
		{02761E7B-2392-3A6D-3576-CE095CC48E6F}.Release|Any CPU.ActiveCfg = Release|Any CPU
		{02761E7B-2392-3A6D-3576-CE095CC48E6F}.Release|Any CPU.Build.0 = Release|Any CPU
	EndGlobalSection
	GlobalSection(SolutionProperties) = preSolution
		HideSolutionNode = FALSE
	EndGlobalSection
EndGlobal
