
Microsoft Visual Studio Solution File, Format Version 12.00
# Visual Studio 15
Project("{FAE04EC0-301F-11D3-BF4B-00C04F79EFBC}") = "UnityEngine.UI", "UnityEngine.UI.csproj", "{1699EA57-36DE-1EE2-51EB-66A38CE515BC}"
EndProject
Project("{FAE04EC0-301F-11D3-BF4B-00C04F79EFBC}") = "UnityEngine.TestRunner", "UnityEngine.TestRunner.csproj", "{E1A5A3ED-4875-537A-7FC1-1A56763E13BD}"
EndProject
Project("{FAE04EC0-301F-11D3-BF4B-00C04F79EFBC}") = "Unity.Mathematics", "Unity.Mathematics.csproj", "{FFB8C0DA-F160-69F7-4739-CE98028FF522}"
EndProject
Project("{FAE04EC0-301F-11D3-BF4B-00C04F79EFBC}") = "Unity.Services.Core.Telemetry", "Unity.Services.Core.Telemetry.csproj", "{3ACC62A5-AE02-D417-4355-A62E6A577DB2}"
EndProject
Project("{FAE04EC0-301F-11D3-BF4B-00C04F79EFBC}") = "Unity.Timeline", "Unity.Timeline.csproj", "{AC99BD35-7B31-6FAA-9B43-E12E6155C53F}"
EndProject
Project("{FAE04EC0-301F-11D3-BF4B-00C04F79EFBC}") = "Unity.TextMeshPro", "Unity.TextMeshPro.csproj", "{67DA301E-40F0-554C-AD0D-9785A13BEFE8}"
EndProject
Project("{FAE04EC0-301F-11D3-BF4B-00C04F79EFBC}") = "Unity.Services.Core.Environments.Internal", "Unity.Services.Core.Environments.Internal.csproj", "{96FDE907-1E8F-A303-EF58-586F25F593B0}"
EndProject
Project("{FAE04EC0-301F-11D3-BF4B-00C04F79EFBC}") = "Unity.Services.Core.Internal", "Unity.Services.Core.Internal.csproj", "{5E05F846-1E54-3B09-1391-16F93EBAAA08}"
EndProject
Project("{FAE04EC0-301F-11D3-BF4B-00C04F79EFBC}") = "Unity.Burst", "Unity.Burst.csproj", "{1A87027F-B6AF-81AD-E0D9-96C40B648FE1}"
EndProject
Project("{FAE04EC0-301F-11D3-BF4B-00C04F79EFBC}") = "Unity.2D.Animation.Runtime", "Unity.2D.Animation.Runtime.csproj", "{827BF3B5-E3D1-461B-2EA3-54411D0FDD3C}"
EndProject
Project("{FAE04EC0-301F-11D3-BF4B-00C04F79EFBC}") = "Unity.2D.IK.Runtime", "Unity.2D.IK.Runtime.csproj", "{7CD3BAE5-CBB8-245E-D5CC-7F071CA43658}"
EndProject
Project("{FAE04EC0-301F-11D3-BF4B-00C04F79EFBC}") = "Unity.Notifications.Android", "Unity.Notifications.Android.csproj", "{ED9B8085-2A3A-1AEF-5183-FFE9596CB959}"
EndProject
Project("{FAE04EC0-301F-11D3-BF4B-00C04F79EFBC}") = "Unity.Services.Core.Configuration", "Unity.Services.Core.Configuration.csproj", "{88628CAE-E9B7-183F-11DD-C75254923F5D}"
EndProject
Project("{FAE04EC0-301F-11D3-BF4B-00C04F79EFBC}") = "Unity.Services.Core", "Unity.Services.Core.csproj", "{088FED94-94E7-0CA7-143F-029B4562CAE8}"
EndProject
Project("{FAE04EC0-301F-11D3-BF4B-00C04F79EFBC}") = "Scripts", "Scripts.csproj", "{5BD47069-4562-5476-021E-A7B6EE45BA27}"
EndProject
Project("{FAE04EC0-301F-11D3-BF4B-00C04F79EFBC}") = "Unity.Services.Core.Environments", "Unity.Services.Core.Environments.csproj", "{E2D762AB-723C-6CA1-267E-DD9E2D0A4AA9}"
EndProject
Project("{FAE04EC0-301F-11D3-BF4B-00C04F79EFBC}") = "Unity.2D.SpriteShape.Runtime", "Unity.2D.SpriteShape.Runtime.csproj", "{D48C429A-0047-4960-DF69-85347A6E2BC4}"
EndProject
Project("{FAE04EC0-301F-11D3-BF4B-00C04F79EFBC}") = "Unity.Services.Core.Networking", "Unity.Services.Core.Networking.csproj", "{ACFB0D51-CEFA-8D7E-B768-0DD0DD8918CB}"
EndProject
Project("{FAE04EC0-301F-11D3-BF4B-00C04F79EFBC}") = "PlayMode", "PlayMode.csproj", "{8AE5E636-F9CF-9C87-06EE-D9D3E78EFB5E}"
EndProject
Project("{FAE04EC0-301F-11D3-BF4B-00C04F79EFBC}") = "Unity.Services.Core.Analytics", "Unity.Services.Core.Analytics.csproj", "{AC7365A6-0009-EC09-D4B7-9E3897334A9B}"
EndProject
Project("{FAE04EC0-301F-11D3-BF4B-00C04F79EFBC}") = "Unity.2D.Common.Runtime", "Unity.2D.Common.Runtime.csproj", "{6A6BCDE7-2BF5-ABF2-3DBC-2A7E4C336BAC}"
EndProject
Project("{FAE04EC0-301F-11D3-BF4B-00C04F79EFBC}") = "Unity.Notifications.iOS", "Unity.Notifications.iOS.csproj", "{42FF8427-9651-99B0-C82E-766EF8346D62}"
EndProject
Project("{FAE04EC0-301F-11D3-BF4B-00C04F79EFBC}") = "Unity.Services.Core.Scheduler", "Unity.Services.Core.Scheduler.csproj", "{857043BE-3DE9-4191-58C3-F87B92405A3A}"
EndProject
Project("{FAE04EC0-301F-11D3-BF4B-00C04F79EFBC}") = "Unity.Services.Core.Registration", "Unity.Services.Core.Registration.csproj", "{31ECAA06-9518-99A2-F4CA-53D9A8D007FC}"
EndProject
Project("{FAE04EC0-301F-11D3-BF4B-00C04F79EFBC}") = "Unity.2D.PixelPerfect", "Unity.2D.PixelPerfect.csproj", "{F50257A8-34C1-E268-7DED-AD6C00645020}"
EndProject
Project("{FAE04EC0-301F-11D3-BF4B-00C04F79EFBC}") = "Unity.Services.Core.Device", "Unity.Services.Core.Device.csproj", "{C5D99973-3B7B-640E-458F-CFFA0395FD9B}"
EndProject
Project("{FAE04EC0-301F-11D3-BF4B-00C04F79EFBC}") = "Unity.Services.Core.Threading", "Unity.Services.Core.Threading.csproj", "{8234C5AC-FA01-ADB5-BAD5-AB7FC906CDCC}"
EndProject
Project("{FAE04EC0-301F-11D3-BF4B-00C04F79EFBC}") = "Unity.InternalAPIEngineBridge.001", "Unity.InternalAPIEngineBridge.001.csproj", "{4494D109-6BF2-02A5-CE59-C493EF96FC1B}"
EndProject
Project("{FAE04EC0-301F-11D3-BF4B-00C04F79EFBC}") = "UnityEditor.TestRunner", "UnityEditor.TestRunner.csproj", "{CF902312-5793-54B6-B902-51F695DE10CC}"
EndProject
Project("{FAE04EC0-301F-11D3-BF4B-00C04F79EFBC}") = "Unity.2D.Psdimporter.Editor", "Unity.2D.Psdimporter.Editor.csproj", "{2A5AA468-47F5-BB15-B57A-2CD8E3FC31AD}"
EndProject
Project("{FAE04EC0-301F-11D3-BF4B-00C04F79EFBC}") = "Unity.PlasticSCM.Editor", "Unity.PlasticSCM.Editor.csproj", "{E1E3ED20-6237-E8A0-41CF-716AB1031AE9}"
EndProject
Project("{FAE04EC0-301F-11D3-BF4B-00C04F79EFBC}") = "UnityEditor.UI", "UnityEditor.UI.csproj", "{9E6D22E2-FAB5-AEDB-A260-01979AF62496}"
EndProject
Project("{FAE04EC0-301F-11D3-BF4B-00C04F79EFBC}") = "Unity.Timeline.Editor", "Unity.Timeline.Editor.csproj", "{FB18CA7D-5BD8-0820-A3EE-8477179BB18E}"
EndProject
Project("{FAE04EC0-301F-11D3-BF4B-00C04F79EFBC}") = "Unity.VisualStudio.Editor", "Unity.VisualStudio.Editor.csproj", "{88A5D52C-7ADB-EDB6-4B57-739EBF292299}"
EndProject
Project("{FAE04EC0-301F-11D3-BF4B-00C04F79EFBC}") = "Unity.2D.Animation.Editor", "Unity.2D.Animation.Editor.csproj", "{694F79D9-A638-A1B6-0D40-D08721D866A4}"
EndProject
Project("{FAE04EC0-301F-11D3-BF4B-00C04F79EFBC}") = "Unity.TextMeshPro.Editor", "Unity.TextMeshPro.Editor.csproj", "{3F9CCB04-6E25-CB48-2A68-E54C33CF3613}"
EndProject
Project("{FAE04EC0-301F-11D3-BF4B-00C04F79EFBC}") = "Unity.2D.SpriteShape.Editor", "Unity.2D.SpriteShape.Editor.csproj", "{14FD757B-B2CB-31C3-AF84-28C282D37215}"
EndProject
Project("{FAE04EC0-301F-11D3-BF4B-00C04F79EFBC}") = "Unity.CollabProxy.Editor", "Unity.CollabProxy.Editor.csproj", "{F597BFE7-C5CF-F6C8-D4D8-9D638CB8BB5F}"
EndProject
Project("{FAE04EC0-301F-11D3-BF4B-00C04F79EFBC}") = "PsdPlugin", "PsdPlugin.csproj", "{1103F122-BCC4-0098-26B0-477B9E11F490}"
EndProject
Project("{FAE04EC0-301F-11D3-BF4B-00C04F79EFBC}") = "Unity.2D.Tilemap.Editor", "Unity.2D.Tilemap.Editor.csproj", "{9E465BB1-A102-4BF2-3D07-0B8998939936}"
EndProject
Project("{FAE04EC0-301F-11D3-BF4B-00C04F79EFBC}") = "Unity.Services.Core.Editor", "Unity.Services.Core.Editor.csproj", "{83DDAFFF-D3A6-76AB-4876-415D2660FE5B}"
EndProject
Project("{FAE04EC0-301F-11D3-BF4B-00C04F79EFBC}") = "Unity.2D.Path.Editor", "Unity.2D.Path.Editor.csproj", "{19AFF89D-B20C-DEDC-D15D-0D4BFAED1208}"
EndProject
Project("{FAE04EC0-301F-11D3-BF4B-00C04F79EFBC}") = "Unity.Mobile.AndroidLogcat.Editor", "Unity.Mobile.AndroidLogcat.Editor.csproj", "{DD87DA76-0334-BB9E-7BA3-C46EF066E1E5}"
EndProject
Project("{FAE04EC0-301F-11D3-BF4B-00C04F79EFBC}") = "Unity.Rider.Editor", "Unity.Rider.Editor.csproj", "{0188C91D-2315-F362-7769-741C72D84D87}"
EndProject
Project("{FAE04EC0-301F-11D3-BF4B-00C04F79EFBC}") = "Unity.2D.Sprite.Editor", "Unity.2D.Sprite.Editor.csproj", "{1B44FFA2-25D2-2597-F3E8-EE23D3A557AB}"
EndProject
Project("{FAE04EC0-301F-11D3-BF4B-00C04F79EFBC}") = "Unity.2D.IK.Editor", "Unity.2D.IK.Editor.csproj", "{90FD470C-F81C-9E4F-94D3-EEF17CA67475}"
EndProject
Project("{FAE04EC0-301F-11D3-BF4B-00C04F79EFBC}") = "Unity.Burst.Editor", "Unity.Burst.Editor.csproj", "{503177DE-A44C-3854-DBB5-C91A4642B203}"
EndProject
Project("{FAE04EC0-301F-11D3-BF4B-00C04F79EFBC}") = "Unity.Burst.CodeGen", "Unity.Burst.CodeGen.csproj", "{DF0A1209-D9D0-E445-D89C-793DD6D6232F}"
EndProject
Project("{FAE04EC0-301F-11D3-BF4B-00C04F79EFBC}") = "Unity.2D.PixelPerfect.Editor", "Unity.2D.PixelPerfect.Editor.csproj", "{BD6EB854-7B46-6864-0CC9-891984292FEE}"
EndProject
Project("{FAE04EC0-301F-11D3-BF4B-00C04F79EFBC}") = "Unity.VSCode.Editor", "Unity.VSCode.Editor.csproj", "{CB9F0A9D-0C87-556A-1C34-D3B0FA87BF5C}"
EndProject
Project("{FAE04EC0-301F-11D3-BF4B-00C04F79EFBC}") = "Unity.Notifications", "Unity.Notifications.csproj", "{2EE34134-8A5E-45DB-31D5-DFF0E7EC00BE}"
EndProject
Project("{FAE04EC0-301F-11D3-BF4B-00C04F79EFBC}") = "Unity.Services.Core.Configuration.Editor", "Unity.Services.Core.Configuration.Editor.csproj", "{CFA13E06-E741-9E37-F66D-BBBFE234D554}"
EndProject
Project("{FAE04EC0-301F-11D3-BF4B-00C04F79EFBC}") = "Unity.2D.Common.Editor", "Unity.2D.Common.Editor.csproj", "{CA788C25-73C9-FD92-925B-D27D361D1D8F}"
EndProject
Project("{FAE04EC0-301F-11D3-BF4B-00C04F79EFBC}") = "Unity.Mathematics.Editor", "Unity.Mathematics.Editor.csproj", "{DF5203C9-9A72-899E-43B7-0C3E047A6B9F}"
EndProject
Project("{FAE04EC0-301F-11D3-BF4B-00C04F79EFBC}") = "EditMode", "EditMode.csproj", "{83D159BA-7AAD-FD82-E76B-220651E1A429}"
EndProject
Project("{FAE04EC0-301F-11D3-BF4B-00C04F79EFBC}") = "Unity.InternalAPIEditorBridge.001", "Unity.InternalAPIEditorBridge.001.csproj", "{DC221123-4ED8-B3F7-E909-AEC8238B828F}"
EndProject
Global
	GlobalSection(SolutionConfigurationPlatforms) = preSolution
		Debug|Any CPU = Debug|Any CPU
		Release|Any CPU = Release|Any CPU
	EndGlobalSection
	GlobalSection(ProjectConfigurationPlatforms) = postSolution
		{1699EA57-36DE-1EE2-51EB-66A38CE515BC}.Debug|Any CPU.ActiveCfg = Debug|Any CPU
		{1699EA57-36DE-1EE2-51EB-66A38CE515BC}.Debug|Any CPU.Build.0 = Debug|Any CPU
		{1699EA57-36DE-1EE2-51EB-66A38CE515BC}.Release|Any CPU.ActiveCfg = Release|Any CPU
		{1699EA57-36DE-1EE2-51EB-66A38CE515BC}.Release|Any CPU.Build.0 = Release|Any CPU
		{E1A5A3ED-4875-537A-7FC1-1A56763E13BD}.Debug|Any CPU.ActiveCfg = Debug|Any CPU
		{E1A5A3ED-4875-537A-7FC1-1A56763E13BD}.Debug|Any CPU.Build.0 = Debug|Any CPU
		{E1A5A3ED-4875-537A-7FC1-1A56763E13BD}.Release|Any CPU.ActiveCfg = Release|Any CPU
		{E1A5A3ED-4875-537A-7FC1-1A56763E13BD}.Release|Any CPU.Build.0 = Release|Any CPU
		{FFB8C0DA-F160-69F7-4739-CE98028FF522}.Debug|Any CPU.ActiveCfg = Debug|Any CPU
		{FFB8C0DA-F160-69F7-4739-CE98028FF522}.Debug|Any CPU.Build.0 = Debug|Any CPU
		{FFB8C0DA-F160-69F7-4739-CE98028FF522}.Release|Any CPU.ActiveCfg = Release|Any CPU
		{FFB8C0DA-F160-69F7-4739-CE98028FF522}.Release|Any CPU.Build.0 = Release|Any CPU
		{3ACC62A5-AE02-D417-4355-A62E6A577DB2}.Debug|Any CPU.ActiveCfg = Debug|Any CPU
		{3ACC62A5-AE02-D417-4355-A62E6A577DB2}.Debug|Any CPU.Build.0 = Debug|Any CPU
		{3ACC62A5-AE02-D417-4355-A62E6A577DB2}.Release|Any CPU.ActiveCfg = Release|Any CPU
		{3ACC62A5-AE02-D417-4355-A62E6A577DB2}.Release|Any CPU.Build.0 = Release|Any CPU
		{AC99BD35-7B31-6FAA-9B43-E12E6155C53F}.Debug|Any CPU.ActiveCfg = Debug|Any CPU
		{AC99BD35-7B31-6FAA-9B43-E12E6155C53F}.Debug|Any CPU.Build.0 = Debug|Any CPU
		{AC99BD35-7B31-6FAA-9B43-E12E6155C53F}.Release|Any CPU.ActiveCfg = Release|Any CPU
		{AC99BD35-7B31-6FAA-9B43-E12E6155C53F}.Release|Any CPU.Build.0 = Release|Any CPU
		{67DA301E-40F0-554C-AD0D-9785A13BEFE8}.Debug|Any CPU.ActiveCfg = Debug|Any CPU
		{67DA301E-40F0-554C-AD0D-9785A13BEFE8}.Debug|Any CPU.Build.0 = Debug|Any CPU
		{67DA301E-40F0-554C-AD0D-9785A13BEFE8}.Release|Any CPU.ActiveCfg = Release|Any CPU
		{67DA301E-40F0-554C-AD0D-9785A13BEFE8}.Release|Any CPU.Build.0 = Release|Any CPU
		{96FDE907-1E8F-A303-EF58-586F25F593B0}.Debug|Any CPU.ActiveCfg = Debug|Any CPU
		{96FDE907-1E8F-A303-EF58-586F25F593B0}.Debug|Any CPU.Build.0 = Debug|Any CPU
		{96FDE907-1E8F-A303-EF58-586F25F593B0}.Release|Any CPU.ActiveCfg = Release|Any CPU
		{96FDE907-1E8F-A303-EF58-586F25F593B0}.Release|Any CPU.Build.0 = Release|Any CPU
		{5E05F846-1E54-3B09-1391-16F93EBAAA08}.Debug|Any CPU.ActiveCfg = Debug|Any CPU
		{5E05F846-1E54-3B09-1391-16F93EBAAA08}.Debug|Any CPU.Build.0 = Debug|Any CPU
		{5E05F846-1E54-3B09-1391-16F93EBAAA08}.Release|Any CPU.ActiveCfg = Release|Any CPU
		{5E05F846-1E54-3B09-1391-16F93EBAAA08}.Release|Any CPU.Build.0 = Release|Any CPU
		{1A87027F-B6AF-81AD-E0D9-96C40B648FE1}.Debug|Any CPU.ActiveCfg = Debug|Any CPU
		{1A87027F-B6AF-81AD-E0D9-96C40B648FE1}.Debug|Any CPU.Build.0 = Debug|Any CPU
		{1A87027F-B6AF-81AD-E0D9-96C40B648FE1}.Release|Any CPU.ActiveCfg = Release|Any CPU
		{1A87027F-B6AF-81AD-E0D9-96C40B648FE1}.Release|Any CPU.Build.0 = Release|Any CPU
		{827BF3B5-E3D1-461B-2EA3-54411D0FDD3C}.Debug|Any CPU.ActiveCfg = Debug|Any CPU
		{827BF3B5-E3D1-461B-2EA3-54411D0FDD3C}.Debug|Any CPU.Build.0 = Debug|Any CPU
		{827BF3B5-E3D1-461B-2EA3-54411D0FDD3C}.Release|Any CPU.ActiveCfg = Release|Any CPU
		{827BF3B5-E3D1-461B-2EA3-54411D0FDD3C}.Release|Any CPU.Build.0 = Release|Any CPU
		{7CD3BAE5-CBB8-245E-D5CC-7F071CA43658}.Debug|Any CPU.ActiveCfg = Debug|Any CPU
		{7CD3BAE5-CBB8-245E-D5CC-7F071CA43658}.Debug|Any CPU.Build.0 = Debug|Any CPU
		{7CD3BAE5-CBB8-245E-D5CC-7F071CA43658}.Release|Any CPU.ActiveCfg = Release|Any CPU
		{7CD3BAE5-CBB8-245E-D5CC-7F071CA43658}.Release|Any CPU.Build.0 = Release|Any CPU
		{ED9B8085-2A3A-1AEF-5183-FFE9596CB959}.Debug|Any CPU.ActiveCfg = Debug|Any CPU
		{ED9B8085-2A3A-1AEF-5183-FFE9596CB959}.Debug|Any CPU.Build.0 = Debug|Any CPU
		{ED9B8085-2A3A-1AEF-5183-FFE9596CB959}.Release|Any CPU.ActiveCfg = Release|Any CPU
		{ED9B8085-2A3A-1AEF-5183-FFE9596CB959}.Release|Any CPU.Build.0 = Release|Any CPU
		{88628CAE-E9B7-183F-11DD-C75254923F5D}.Debug|Any CPU.ActiveCfg = Debug|Any CPU
		{88628CAE-E9B7-183F-11DD-C75254923F5D}.Debug|Any CPU.Build.0 = Debug|Any CPU
		{88628CAE-E9B7-183F-11DD-C75254923F5D}.Release|Any CPU.ActiveCfg = Release|Any CPU
		{88628CAE-E9B7-183F-11DD-C75254923F5D}.Release|Any CPU.Build.0 = Release|Any CPU
		{088FED94-94E7-0CA7-143F-029B4562CAE8}.Debug|Any CPU.ActiveCfg = Debug|Any CPU
		{088FED94-94E7-0CA7-143F-029B4562CAE8}.Debug|Any CPU.Build.0 = Debug|Any CPU
		{088FED94-94E7-0CA7-143F-029B4562CAE8}.Release|Any CPU.ActiveCfg = Release|Any CPU
		{088FED94-94E7-0CA7-143F-029B4562CAE8}.Release|Any CPU.Build.0 = Release|Any CPU
		{5BD47069-4562-5476-021E-A7B6EE45BA27}.Debug|Any CPU.ActiveCfg = Debug|Any CPU
		{5BD47069-4562-5476-021E-A7B6EE45BA27}.Debug|Any CPU.Build.0 = Debug|Any CPU
		{5BD47069-4562-5476-021E-A7B6EE45BA27}.Release|Any CPU.ActiveCfg = Release|Any CPU
		{5BD47069-4562-5476-021E-A7B6EE45BA27}.Release|Any CPU.Build.0 = Release|Any CPU
		{E2D762AB-723C-6CA1-267E-DD9E2D0A4AA9}.Debug|Any CPU.ActiveCfg = Debug|Any CPU
		{E2D762AB-723C-6CA1-267E-DD9E2D0A4AA9}.Debug|Any CPU.Build.0 = Debug|Any CPU
		{E2D762AB-723C-6CA1-267E-DD9E2D0A4AA9}.Release|Any CPU.ActiveCfg = Release|Any CPU
		{E2D762AB-723C-6CA1-267E-DD9E2D0A4AA9}.Release|Any CPU.Build.0 = Release|Any CPU
		{D48C429A-0047-4960-DF69-85347A6E2BC4}.Debug|Any CPU.ActiveCfg = Debug|Any CPU
		{D48C429A-0047-4960-DF69-85347A6E2BC4}.Debug|Any CPU.Build.0 = Debug|Any CPU
		{D48C429A-0047-4960-DF69-85347A6E2BC4}.Release|Any CPU.ActiveCfg = Release|Any CPU
		{D48C429A-0047-4960-DF69-85347A6E2BC4}.Release|Any CPU.Build.0 = Release|Any CPU
		{ACFB0D51-CEFA-8D7E-B768-0DD0DD8918CB}.Debug|Any CPU.ActiveCfg = Debug|Any CPU
		{ACFB0D51-CEFA-8D7E-B768-0DD0DD8918CB}.Debug|Any CPU.Build.0 = Debug|Any CPU
		{ACFB0D51-CEFA-8D7E-B768-0DD0DD8918CB}.Release|Any CPU.ActiveCfg = Release|Any CPU
		{ACFB0D51-CEFA-8D7E-B768-0DD0DD8918CB}.Release|Any CPU.Build.0 = Release|Any CPU
		{8AE5E636-F9CF-9C87-06EE-D9D3E78EFB5E}.Debug|Any CPU.ActiveCfg = Debug|Any CPU
		{8AE5E636-F9CF-9C87-06EE-D9D3E78EFB5E}.Debug|Any CPU.Build.0 = Debug|Any CPU
		{8AE5E636-F9CF-9C87-06EE-D9D3E78EFB5E}.Release|Any CPU.ActiveCfg = Release|Any CPU
		{8AE5E636-F9CF-9C87-06EE-D9D3E78EFB5E}.Release|Any CPU.Build.0 = Release|Any CPU
		{AC7365A6-0009-EC09-D4B7-9E3897334A9B}.Debug|Any CPU.ActiveCfg = Debug|Any CPU
		{AC7365A6-0009-EC09-D4B7-9E3897334A9B}.Debug|Any CPU.Build.0 = Debug|Any CPU
		{AC7365A6-0009-EC09-D4B7-9E3897334A9B}.Release|Any CPU.ActiveCfg = Release|Any CPU
		{AC7365A6-0009-EC09-D4B7-9E3897334A9B}.Release|Any CPU.Build.0 = Release|Any CPU
		{6A6BCDE7-2BF5-ABF2-3DBC-2A7E4C336BAC}.Debug|Any CPU.ActiveCfg = Debug|Any CPU
		{6A6BCDE7-2BF5-ABF2-3DBC-2A7E4C336BAC}.Debug|Any CPU.Build.0 = Debug|Any CPU
		{6A6BCDE7-2BF5-ABF2-3DBC-2A7E4C336BAC}.Release|Any CPU.ActiveCfg = Release|Any CPU
		{6A6BCDE7-2BF5-ABF2-3DBC-2A7E4C336BAC}.Release|Any CPU.Build.0 = Release|Any CPU
		{42FF8427-9651-99B0-C82E-766EF8346D62}.Debug|Any CPU.ActiveCfg = Debug|Any CPU
		{42FF8427-9651-99B0-C82E-766EF8346D62}.Debug|Any CPU.Build.0 = Debug|Any CPU
		{42FF8427-9651-99B0-C82E-766EF8346D62}.Release|Any CPU.ActiveCfg = Release|Any CPU
		{42FF8427-9651-99B0-C82E-766EF8346D62}.Release|Any CPU.Build.0 = Release|Any CPU
		{857043BE-3DE9-4191-58C3-F87B92405A3A}.Debug|Any CPU.ActiveCfg = Debug|Any CPU
		{857043BE-3DE9-4191-58C3-F87B92405A3A}.Debug|Any CPU.Build.0 = Debug|Any CPU
		{857043BE-3DE9-4191-58C3-F87B92405A3A}.Release|Any CPU.ActiveCfg = Release|Any CPU
		{857043BE-3DE9-4191-58C3-F87B92405A3A}.Release|Any CPU.Build.0 = Release|Any CPU
		{31ECAA06-9518-99A2-F4CA-53D9A8D007FC}.Debug|Any CPU.ActiveCfg = Debug|Any CPU
		{31ECAA06-9518-99A2-F4CA-53D9A8D007FC}.Debug|Any CPU.Build.0 = Debug|Any CPU
		{31ECAA06-9518-99A2-F4CA-53D9A8D007FC}.Release|Any CPU.ActiveCfg = Release|Any CPU
		{31ECAA06-9518-99A2-F4CA-53D9A8D007FC}.Release|Any CPU.Build.0 = Release|Any CPU
		{F50257A8-34C1-E268-7DED-AD6C00645020}.Debug|Any CPU.ActiveCfg = Debug|Any CPU
		{F50257A8-34C1-E268-7DED-AD6C00645020}.Debug|Any CPU.Build.0 = Debug|Any CPU
		{F50257A8-34C1-E268-7DED-AD6C00645020}.Release|Any CPU.ActiveCfg = Release|Any CPU
		{F50257A8-34C1-E268-7DED-AD6C00645020}.Release|Any CPU.Build.0 = Release|Any CPU
		{C5D99973-3B7B-640E-458F-CFFA0395FD9B}.Debug|Any CPU.ActiveCfg = Debug|Any CPU
		{C5D99973-3B7B-640E-458F-CFFA0395FD9B}.Debug|Any CPU.Build.0 = Debug|Any CPU
		{C5D99973-3B7B-640E-458F-CFFA0395FD9B}.Release|Any CPU.ActiveCfg = Release|Any CPU
		{C5D99973-3B7B-640E-458F-CFFA0395FD9B}.Release|Any CPU.Build.0 = Release|Any CPU
		{8234C5AC-FA01-ADB5-BAD5-AB7FC906CDCC}.Debug|Any CPU.ActiveCfg = Debug|Any CPU
		{8234C5AC-FA01-ADB5-BAD5-AB7FC906CDCC}.Debug|Any CPU.Build.0 = Debug|Any CPU
		{8234C5AC-FA01-ADB5-BAD5-AB7FC906CDCC}.Release|Any CPU.ActiveCfg = Release|Any CPU
		{8234C5AC-FA01-ADB5-BAD5-AB7FC906CDCC}.Release|Any CPU.Build.0 = Release|Any CPU
		{4494D109-6BF2-02A5-CE59-C493EF96FC1B}.Debug|Any CPU.ActiveCfg = Debug|Any CPU
		{4494D109-6BF2-02A5-CE59-C493EF96FC1B}.Debug|Any CPU.Build.0 = Debug|Any CPU
		{4494D109-6BF2-02A5-CE59-C493EF96FC1B}.Release|Any CPU.ActiveCfg = Release|Any CPU
		{4494D109-6BF2-02A5-CE59-C493EF96FC1B}.Release|Any CPU.Build.0 = Release|Any CPU
		{CF902312-5793-54B6-B902-51F695DE10CC}.Debug|Any CPU.ActiveCfg = Debug|Any CPU
		{CF902312-5793-54B6-B902-51F695DE10CC}.Debug|Any CPU.Build.0 = Debug|Any CPU
		{CF902312-5793-54B6-B902-51F695DE10CC}.Release|Any CPU.ActiveCfg = Release|Any CPU
		{CF902312-5793-54B6-B902-51F695DE10CC}.Release|Any CPU.Build.0 = Release|Any CPU
		{2A5AA468-47F5-BB15-B57A-2CD8E3FC31AD}.Debug|Any CPU.ActiveCfg = Debug|Any CPU
		{2A5AA468-47F5-BB15-B57A-2CD8E3FC31AD}.Debug|Any CPU.Build.0 = Debug|Any CPU
		{2A5AA468-47F5-BB15-B57A-2CD8E3FC31AD}.Release|Any CPU.ActiveCfg = Release|Any CPU
		{2A5AA468-47F5-BB15-B57A-2CD8E3FC31AD}.Release|Any CPU.Build.0 = Release|Any CPU
		{E1E3ED20-6237-E8A0-41CF-716AB1031AE9}.Debug|Any CPU.ActiveCfg = Debug|Any CPU
		{E1E3ED20-6237-E8A0-41CF-716AB1031AE9}.Debug|Any CPU.Build.0 = Debug|Any CPU
		{E1E3ED20-6237-E8A0-41CF-716AB1031AE9}.Release|Any CPU.ActiveCfg = Release|Any CPU
		{E1E3ED20-6237-E8A0-41CF-716AB1031AE9}.Release|Any CPU.Build.0 = Release|Any CPU
		{9E6D22E2-FAB5-AEDB-A260-01979AF62496}.Debug|Any CPU.ActiveCfg = Debug|Any CPU
		{9E6D22E2-FAB5-AEDB-A260-01979AF62496}.Debug|Any CPU.Build.0 = Debug|Any CPU
		{9E6D22E2-FAB5-AEDB-A260-01979AF62496}.Release|Any CPU.ActiveCfg = Release|Any CPU
		{9E6D22E2-FAB5-AEDB-A260-01979AF62496}.Release|Any CPU.Build.0 = Release|Any CPU
		{FB18CA7D-5BD8-0820-A3EE-8477179BB18E}.Debug|Any CPU.ActiveCfg = Debug|Any CPU
		{FB18CA7D-5BD8-0820-A3EE-8477179BB18E}.Debug|Any CPU.Build.0 = Debug|Any CPU
		{FB18CA7D-5BD8-0820-A3EE-8477179BB18E}.Release|Any CPU.ActiveCfg = Release|Any CPU
		{FB18CA7D-5BD8-0820-A3EE-8477179BB18E}.Release|Any CPU.Build.0 = Release|Any CPU
		{88A5D52C-7ADB-EDB6-4B57-739EBF292299}.Debug|Any CPU.ActiveCfg = Debug|Any CPU
		{88A5D52C-7ADB-EDB6-4B57-739EBF292299}.Debug|Any CPU.Build.0 = Debug|Any CPU
		{88A5D52C-7ADB-EDB6-4B57-739EBF292299}.Release|Any CPU.ActiveCfg = Release|Any CPU
		{88A5D52C-7ADB-EDB6-4B57-739EBF292299}.Release|Any CPU.Build.0 = Release|Any CPU
		{694F79D9-A638-A1B6-0D40-D08721D866A4}.Debug|Any CPU.ActiveCfg = Debug|Any CPU
		{694F79D9-A638-A1B6-0D40-D08721D866A4}.Debug|Any CPU.Build.0 = Debug|Any CPU
		{694F79D9-A638-A1B6-0D40-D08721D866A4}.Release|Any CPU.ActiveCfg = Release|Any CPU
		{694F79D9-A638-A1B6-0D40-D08721D866A4}.Release|Any CPU.Build.0 = Release|Any CPU
		{3F9CCB04-6E25-CB48-2A68-E54C33CF3613}.Debug|Any CPU.ActiveCfg = Debug|Any CPU
		{3F9CCB04-6E25-CB48-2A68-E54C33CF3613}.Debug|Any CPU.Build.0 = Debug|Any CPU
		{3F9CCB04-6E25-CB48-2A68-E54C33CF3613}.Release|Any CPU.ActiveCfg = Release|Any CPU
		{3F9CCB04-6E25-CB48-2A68-E54C33CF3613}.Release|Any CPU.Build.0 = Release|Any CPU
		{14FD757B-B2CB-31C3-AF84-28C282D37215}.Debug|Any CPU.ActiveCfg = Debug|Any CPU
		{14FD757B-B2CB-31C3-AF84-28C282D37215}.Debug|Any CPU.Build.0 = Debug|Any CPU
		{14FD757B-B2CB-31C3-AF84-28C282D37215}.Release|Any CPU.ActiveCfg = Release|Any CPU
		{14FD757B-B2CB-31C3-AF84-28C282D37215}.Release|Any CPU.Build.0 = Release|Any CPU
		{F597BFE7-C5CF-F6C8-D4D8-9D638CB8BB5F}.Debug|Any CPU.ActiveCfg = Debug|Any CPU
		{F597BFE7-C5CF-F6C8-D4D8-9D638CB8BB5F}.Debug|Any CPU.Build.0 = Debug|Any CPU
		{F597BFE7-C5CF-F6C8-D4D8-9D638CB8BB5F}.Release|Any CPU.ActiveCfg = Release|Any CPU
		{F597BFE7-C5CF-F6C8-D4D8-9D638CB8BB5F}.Release|Any CPU.Build.0 = Release|Any CPU
		{1103F122-BCC4-0098-26B0-477B9E11F490}.Debug|Any CPU.ActiveCfg = Debug|Any CPU
		{1103F122-BCC4-0098-26B0-477B9E11F490}.Debug|Any CPU.Build.0 = Debug|Any CPU
		{1103F122-BCC4-0098-26B0-477B9E11F490}.Release|Any CPU.ActiveCfg = Release|Any CPU
		{1103F122-BCC4-0098-26B0-477B9E11F490}.Release|Any CPU.Build.0 = Release|Any CPU
		{9E465BB1-A102-4BF2-3D07-0B8998939936}.Debug|Any CPU.ActiveCfg = Debug|Any CPU
		{9E465BB1-A102-4BF2-3D07-0B8998939936}.Debug|Any CPU.Build.0 = Debug|Any CPU
		{9E465BB1-A102-4BF2-3D07-0B8998939936}.Release|Any CPU.ActiveCfg = Release|Any CPU
		{9E465BB1-A102-4BF2-3D07-0B8998939936}.Release|Any CPU.Build.0 = Release|Any CPU
		{83DDAFFF-D3A6-76AB-4876-415D2660FE5B}.Debug|Any CPU.ActiveCfg = Debug|Any CPU
		{83DDAFFF-D3A6-76AB-4876-415D2660FE5B}.Debug|Any CPU.Build.0 = Debug|Any CPU
		{83DDAFFF-D3A6-76AB-4876-415D2660FE5B}.Release|Any CPU.ActiveCfg = Release|Any CPU
		{83DDAFFF-D3A6-76AB-4876-415D2660FE5B}.Release|Any CPU.Build.0 = Release|Any CPU
		{19AFF89D-B20C-DEDC-D15D-0D4BFAED1208}.Debug|Any CPU.ActiveCfg = Debug|Any CPU
		{19AFF89D-B20C-DEDC-D15D-0D4BFAED1208}.Debug|Any CPU.Build.0 = Debug|Any CPU
		{19AFF89D-B20C-DEDC-D15D-0D4BFAED1208}.Release|Any CPU.ActiveCfg = Release|Any CPU
		{19AFF89D-B20C-DEDC-D15D-0D4BFAED1208}.Release|Any CPU.Build.0 = Release|Any CPU
		{DD87DA76-0334-BB9E-7BA3-C46EF066E1E5}.Debug|Any CPU.ActiveCfg = Debug|Any CPU
		{DD87DA76-0334-BB9E-7BA3-C46EF066E1E5}.Debug|Any CPU.Build.0 = Debug|Any CPU
		{DD87DA76-0334-BB9E-7BA3-C46EF066E1E5}.Release|Any CPU.ActiveCfg = Release|Any CPU
		{DD87DA76-0334-BB9E-7BA3-C46EF066E1E5}.Release|Any CPU.Build.0 = Release|Any CPU
		{0188C91D-2315-F362-7769-741C72D84D87}.Debug|Any CPU.ActiveCfg = Debug|Any CPU
		{0188C91D-2315-F362-7769-741C72D84D87}.Debug|Any CPU.Build.0 = Debug|Any CPU
		{0188C91D-2315-F362-7769-741C72D84D87}.Release|Any CPU.ActiveCfg = Release|Any CPU
		{0188C91D-2315-F362-7769-741C72D84D87}.Release|Any CPU.Build.0 = Release|Any CPU
		{1B44FFA2-25D2-2597-F3E8-EE23D3A557AB}.Debug|Any CPU.ActiveCfg = Debug|Any CPU
		{1B44FFA2-25D2-2597-F3E8-EE23D3A557AB}.Debug|Any CPU.Build.0 = Debug|Any CPU
		{1B44FFA2-25D2-2597-F3E8-EE23D3A557AB}.Release|Any CPU.ActiveCfg = Release|Any CPU
		{1B44FFA2-25D2-2597-F3E8-EE23D3A557AB}.Release|Any CPU.Build.0 = Release|Any CPU
		{90FD470C-F81C-9E4F-94D3-EEF17CA67475}.Debug|Any CPU.ActiveCfg = Debug|Any CPU
		{90FD470C-F81C-9E4F-94D3-EEF17CA67475}.Debug|Any CPU.Build.0 = Debug|Any CPU
		{90FD470C-F81C-9E4F-94D3-EEF17CA67475}.Release|Any CPU.ActiveCfg = Release|Any CPU
		{90FD470C-F81C-9E4F-94D3-EEF17CA67475}.Release|Any CPU.Build.0 = Release|Any CPU
		{503177DE-A44C-3854-DBB5-C91A4642B203}.Debug|Any CPU.ActiveCfg = Debug|Any CPU
		{503177DE-A44C-3854-DBB5-C91A4642B203}.Debug|Any CPU.Build.0 = Debug|Any CPU
		{503177DE-A44C-3854-DBB5-C91A4642B203}.Release|Any CPU.ActiveCfg = Release|Any CPU
		{503177DE-A44C-3854-DBB5-C91A4642B203}.Release|Any CPU.Build.0 = Release|Any CPU
		{DF0A1209-D9D0-E445-D89C-793DD6D6232F}.Debug|Any CPU.ActiveCfg = Debug|Any CPU
		{DF0A1209-D9D0-E445-D89C-793DD6D6232F}.Debug|Any CPU.Build.0 = Debug|Any CPU
		{DF0A1209-D9D0-E445-D89C-793DD6D6232F}.Release|Any CPU.ActiveCfg = Release|Any CPU
		{DF0A1209-D9D0-E445-D89C-793DD6D6232F}.Release|Any CPU.Build.0 = Release|Any CPU
		{BD6EB854-7B46-6864-0CC9-891984292FEE}.Debug|Any CPU.ActiveCfg = Debug|Any CPU
		{BD6EB854-7B46-6864-0CC9-891984292FEE}.Debug|Any CPU.Build.0 = Debug|Any CPU
		{BD6EB854-7B46-6864-0CC9-891984292FEE}.Release|Any CPU.ActiveCfg = Release|Any CPU
		{BD6EB854-7B46-6864-0CC9-891984292FEE}.Release|Any CPU.Build.0 = Release|Any CPU
		{CB9F0A9D-0C87-556A-1C34-D3B0FA87BF5C}.Debug|Any CPU.ActiveCfg = Debug|Any CPU
		{CB9F0A9D-0C87-556A-1C34-D3B0FA87BF5C}.Debug|Any CPU.Build.0 = Debug|Any CPU
		{CB9F0A9D-0C87-556A-1C34-D3B0FA87BF5C}.Release|Any CPU.ActiveCfg = Release|Any CPU
		{CB9F0A9D-0C87-556A-1C34-D3B0FA87BF5C}.Release|Any CPU.Build.0 = Release|Any CPU
		{2EE34134-8A5E-45DB-31D5-DFF0E7EC00BE}.Debug|Any CPU.ActiveCfg = Debug|Any CPU
		{2EE34134-8A5E-45DB-31D5-DFF0E7EC00BE}.Debug|Any CPU.Build.0 = Debug|Any CPU
		{2EE34134-8A5E-45DB-31D5-DFF0E7EC00BE}.Release|Any CPU.ActiveCfg = Release|Any CPU
		{2EE34134-8A5E-45DB-31D5-DFF0E7EC00BE}.Release|Any CPU.Build.0 = Release|Any CPU
		{CFA13E06-E741-9E37-F66D-BBBFE234D554}.Debug|Any CPU.ActiveCfg = Debug|Any CPU
		{CFA13E06-E741-9E37-F66D-BBBFE234D554}.Debug|Any CPU.Build.0 = Debug|Any CPU
		{CFA13E06-E741-9E37-F66D-BBBFE234D554}.Release|Any CPU.ActiveCfg = Release|Any CPU
		{CFA13E06-E741-9E37-F66D-BBBFE234D554}.Release|Any CPU.Build.0 = Release|Any CPU
		{CA788C25-73C9-FD92-925B-D27D361D1D8F}.Debug|Any CPU.ActiveCfg = Debug|Any CPU
		{CA788C25-73C9-FD92-925B-D27D361D1D8F}.Debug|Any CPU.Build.0 = Debug|Any CPU
		{CA788C25-73C9-FD92-925B-D27D361D1D8F}.Release|Any CPU.ActiveCfg = Release|Any CPU
		{CA788C25-73C9-FD92-925B-D27D361D1D8F}.Release|Any CPU.Build.0 = Release|Any CPU
		{DF5203C9-9A72-899E-43B7-0C3E047A6B9F}.Debug|Any CPU.ActiveCfg = Debug|Any CPU
		{DF5203C9-9A72-899E-43B7-0C3E047A6B9F}.Debug|Any CPU.Build.0 = Debug|Any CPU
		{DF5203C9-9A72-899E-43B7-0C3E047A6B9F}.Release|Any CPU.ActiveCfg = Release|Any CPU
		{DF5203C9-9A72-899E-43B7-0C3E047A6B9F}.Release|Any CPU.Build.0 = Release|Any CPU
		{83D159BA-7AAD-FD82-E76B-220651E1A429}.Debug|Any CPU.ActiveCfg = Debug|Any CPU
		{83D159BA-7AAD-FD82-E76B-220651E1A429}.Debug|Any CPU.Build.0 = Debug|Any CPU
		{83D159BA-7AAD-FD82-E76B-220651E1A429}.Release|Any CPU.ActiveCfg = Release|Any CPU
		{83D159BA-7AAD-FD82-E76B-220651E1A429}.Release|Any CPU.Build.0 = Release|Any CPU
		{DC221123-4ED8-B3F7-E909-AEC8238B828F}.Debug|Any CPU.ActiveCfg = Debug|Any CPU
		{DC221123-4ED8-B3F7-E909-AEC8238B828F}.Debug|Any CPU.Build.0 = Debug|Any CPU
		{DC221123-4ED8-B3F7-E909-AEC8238B828F}.Release|Any CPU.ActiveCfg = Release|Any CPU
		{DC221123-4ED8-B3F7-E909-AEC8238B828F}.Release|Any CPU.Build.0 = Release|Any CPU
	EndGlobalSection
	GlobalSection(SolutionProperties) = preSolution
		HideSolutionNode = FALSE
	EndGlobalSection
EndGlobal
